// !$*UTF8*$!
{
	archiveVersion = 1;
	classes = {
	};
	objectVersion = 46;
	objects = {

/* Begin PBXBuildFile section */
		35612A354A341856D19E82D6 /* libPods.a in Frameworks */ = {isa = PBXBuildFile; fileRef = 03AE6DCBDCC2BA4CECDF6A21 /* libPods.a */; };
		DE34ED861BF9B370003CFC80 /* UITableView+SDAutoTableViewCellHeight.m in Sources */ = {isa = PBXBuildFile; fileRef = DE34ED831BF9B370003CFC80 /* UITableView+SDAutoTableViewCellHeight.m */; };
		DE34ED871BF9B370003CFC80 /* UIView+SDAutoLayout.m in Sources */ = {isa = PBXBuildFile; fileRef = DE34ED851BF9B370003CFC80 /* UIView+SDAutoLayout.m */; };
		DE34ED921BF9B3CF003CFC80 /* DemoVC3.m in Sources */ = {isa = PBXBuildFile; fileRef = DE34ED8F1BF9B3CF003CFC80 /* DemoVC3.m */; };
		DE34ED931BF9B3CF003CFC80 /* TestCell2.m in Sources */ = {isa = PBXBuildFile; fileRef = DE34ED911BF9B3CF003CFC80 /* TestCell2.m */; };
		DE34ED9F1BF9B451003CFC80 /* sdRefeshView_arrow@2x.png in Resources */ = {isa = PBXBuildFile; fileRef = DE34ED951BF9B451003CFC80 /* sdRefeshView_arrow@2x.png */; };
		DE34EDA01BF9B451003CFC80 /* SDRefreshFooterView.m in Sources */ = {isa = PBXBuildFile; fileRef = DE34ED981BF9B451003CFC80 /* SDRefreshFooterView.m */; };
		DE34EDA11BF9B451003CFC80 /* SDRefreshHeaderView.m in Sources */ = {isa = PBXBuildFile; fileRef = DE34ED9A1BF9B451003CFC80 /* SDRefreshHeaderView.m */; };
		DE34EDA21BF9B451003CFC80 /* SDRefreshView.m in Sources */ = {isa = PBXBuildFile; fileRef = DE34ED9C1BF9B451003CFC80 /* SDRefreshView.m */; };
		DE34EDA31BF9B451003CFC80 /* UIView+SDExtension.m in Sources */ = {isa = PBXBuildFile; fileRef = DE34ED9E1BF9B451003CFC80 /* UIView+SDExtension.m */; };
		DE34EDA81BF9BE2A003CFC80 /* LaunchScreen.storyboard in Resources */ = {isa = PBXBuildFile; fileRef = DE34EDA61BF9BE2A003CFC80 /* LaunchScreen.storyboard */; };
		DE34EDAC1BF9C618003CFC80 /* UIImage+RoundedCorner.m in Sources */ = {isa = PBXBuildFile; fileRef = DE34EDAB1BF9C618003CFC80 /* UIImage+RoundedCorner.m */; };
		DE34EDAF1BF9C6C3003CFC80 /* UIImage+Alpha.m in Sources */ = {isa = PBXBuildFile; fileRef = DE34EDAE1BF9C6C3003CFC80 /* UIImage+Alpha.m */; };
		DE34EDB21BF9C8A0003CFC80 /* UIView+Visuals.m in Sources */ = {isa = PBXBuildFile; fileRef = DE34EDB11BF9C8A0003CFC80 /* UIView+Visuals.m */; };
		DE9BBBC61BFCA26B0048D32A /* twitter_0.json in Resources */ = {isa = PBXBuildFile; fileRef = DE9BBB9E1BFCA26B0048D32A /* twitter_0.json */; };
		DE9BBBC71BFCA26B0048D32A /* twitter_1.json in Resources */ = {isa = PBXBuildFile; fileRef = DE9BBB9F1BFCA26B0048D32A /* twitter_1.json */; };
		DE9BBBC81BFCA26B0048D32A /* twitter_2.json in Resources */ = {isa = PBXBuildFile; fileRef = DE9BBBA01BFCA26B0048D32A /* twitter_2.json */; };
		DE9BBBC91BFCA26B0048D32A /* twitter_3.json in Resources */ = {isa = PBXBuildFile; fileRef = DE9BBBA11BFCA26B0048D32A /* twitter_3.json */; };
		DE9BBBCA1BFCA26B0048D32A /* T1Helper.m in Sources */ = {isa = PBXBuildFile; fileRef = DE9BBBA31BFCA26B0048D32A /* T1Helper.m */; };
		DE9BBBCB1BFCA26B0048D32A /* T1HomeTimelineItemsViewController.m in Sources */ = {isa = PBXBuildFile; fileRef = DE9BBBA51BFCA26B0048D32A /* T1HomeTimelineItemsViewController.m */; };
		DE9BBBCC1BFCA26B0048D32A /* T1Model.m in Sources */ = {isa = PBXBuildFile; fileRef = DE9BBBA71BFCA26B0048D32A /* T1Model.m */; };
		DE9BBBCD1BFCA26B0048D32A /* T1StatusCell.m in Sources */ = {isa = PBXBuildFile; fileRef = DE9BBBA91BFCA26B0048D32A /* T1StatusCell.m */; };
		DE9BBBCE1BFCA26B0048D32A /* T1StatusLayout.m in Sources */ = {isa = PBXBuildFile; fileRef = DE9BBBAB1BFCA26B0048D32A /* T1StatusLayout.m */; };
		DE9BBBCF1BFCA26B0048D32A /* weibo_0.json in Resources */ = {isa = PBXBuildFile; fileRef = DE9BBBAE1BFCA26B0048D32A /* weibo_0.json */; };
		DE9BBBD01BFCA26B0048D32A /* weibo_1.json in Resources */ = {isa = PBXBuildFile; fileRef = DE9BBBAF1BFCA26B0048D32A /* weibo_1.json */; };
		DE9BBBD11BFCA26B0048D32A /* weibo_2.json in Resources */ = {isa = PBXBuildFile; fileRef = DE9BBBB01BFCA26B0048D32A /* weibo_2.json */; };
		DE9BBBD21BFCA26B0048D32A /* weibo_3.json in Resources */ = {isa = PBXBuildFile; fileRef = DE9BBBB11BFCA26B0048D32A /* weibo_3.json */; };
		DE9BBBD31BFCA26B0048D32A /* weibo_4.json in Resources */ = {isa = PBXBuildFile; fileRef = DE9BBBB21BFCA26B0048D32A /* weibo_4.json */; };
		DE9BBBD41BFCA26B0048D32A /* weibo_5.json in Resources */ = {isa = PBXBuildFile; fileRef = DE9BBBB31BFCA26B0048D32A /* weibo_5.json */; };
		DE9BBBD51BFCA26B0048D32A /* weibo_6.json in Resources */ = {isa = PBXBuildFile; fileRef = DE9BBBB41BFCA26B0048D32A /* weibo_6.json */; };
		DE9BBBD61BFCA26B0048D32A /* weibo_7.json in Resources */ = {isa = PBXBuildFile; fileRef = DE9BBBB51BFCA26B0048D32A /* weibo_7.json */; };
		DE9BBBD71BFCA26B0048D32A /* WBEmoticonInputView.m in Sources */ = {isa = PBXBuildFile; fileRef = DE9BBBB71BFCA26B0048D32A /* WBEmoticonInputView.m */; };
		DE9BBBD81BFCA26B0048D32A /* WBModel.m in Sources */ = {isa = PBXBuildFile; fileRef = DE9BBBB91BFCA26B0048D32A /* WBModel.m */; };
		DE9BBBD91BFCA26B0048D32A /* WBStatusCell.m in Sources */ = {isa = PBXBuildFile; fileRef = DE9BBBBB1BFCA26B0048D32A /* WBStatusCell.m */; };
		DE9BBBDA1BFCA26B0048D32A /* WBStatusComposeTextParser.m in Sources */ = {isa = PBXBuildFile; fileRef = DE9BBBBD1BFCA26B0048D32A /* WBStatusComposeTextParser.m */; };
		DE9BBBDB1BFCA26B0048D32A /* WBStatusComposeViewController.m in Sources */ = {isa = PBXBuildFile; fileRef = DE9BBBBF1BFCA26B0048D32A /* WBStatusComposeViewController.m */; };
		DE9BBBDC1BFCA26B0048D32A /* WBStatusHelper.m in Sources */ = {isa = PBXBuildFile; fileRef = DE9BBBC11BFCA26B0048D32A /* WBStatusHelper.m */; };
		DE9BBBDD1BFCA26B0048D32A /* WBStatusLayout.m in Sources */ = {isa = PBXBuildFile; fileRef = DE9BBBC31BFCA26B0048D32A /* WBStatusLayout.m */; };
		DE9BBBDE1BFCA26B0048D32A /* WBStatusTimelineViewController.m in Sources */ = {isa = PBXBuildFile; fileRef = DE9BBBC51BFCA26B0048D32A /* WBStatusTimelineViewController.m */; };
		DE9BBC121BFCA5280048D32A /* YYControl.m in Sources */ = {isa = PBXBuildFile; fileRef = DE9BBC071BFCA5280048D32A /* YYControl.m */; };
		DE9BBC131BFCA5280048D32A /* YYFPSLabel.m in Sources */ = {isa = PBXBuildFile; fileRef = DE9BBC091BFCA5280048D32A /* YYFPSLabel.m */; };
		DE9BBC141BFCA5280048D32A /* YYPhotoGroupView.m in Sources */ = {isa = PBXBuildFile; fileRef = DE9BBC0B1BFCA5280048D32A /* YYPhotoGroupView.m */; };
		DE9BBC151BFCA5280048D32A /* YYSimpleWebViewController.m in Sources */ = {isa = PBXBuildFile; fileRef = DE9BBC0D1BFCA5280048D32A /* YYSimpleWebViewController.m */; };
		DE9BBC161BFCA5280048D32A /* YYTableView.m in Sources */ = {isa = PBXBuildFile; fileRef = DE9BBC0F1BFCA5280048D32A /* YYTableView.m */; };
		DE9BBC171BFCA5280048D32A /* YYTableViewCell.m in Sources */ = {isa = PBXBuildFile; fileRef = DE9BBC111BFCA5280048D32A /* YYTableViewCell.m */; };
		DEAF094E1BF987AC00C6954F /* main.m in Sources */ = {isa = PBXBuildFile; fileRef = DEAF094D1BF987AC00C6954F /* main.m */; };
		DEAF09571BF987AC00C6954F /* Main.storyboard in Resources */ = {isa = PBXBuildFile; fileRef = DEAF09551BF987AC00C6954F /* Main.storyboard */; };
		DEAF09591BF987AC00C6954F /* Assets.xcassets in Resources */ = {isa = PBXBuildFile; fileRef = DEAF09581BF987AC00C6954F /* Assets.xcassets */; };
		DEAF09671BF987AC00C6954F /* NSXcodeTests.m in Sources */ = {isa = PBXBuildFile; fileRef = DEAF09661BF987AC00C6954F /* NSXcodeTests.m */; };
		DEAF09721BF987AC00C6954F /* NSXcodeUITests.m in Sources */ = {isa = PBXBuildFile; fileRef = DEAF09711BF987AC00C6954F /* NSXcodeUITests.m */; };
		DEAF09AC1BF988A400C6954F /* NSXHomeController.m in Sources */ = {isa = PBXBuildFile; fileRef = DEAF09831BF988A400C6954F /* NSXHomeController.m */; };
		DEAF09AD1BF988A400C6954F /* NSXMenu.m in Sources */ = {isa = PBXBuildFile; fileRef = DEAF09861BF988A400C6954F /* NSXMenu.m */; };
		DEAF09AE1BF988A400C6954F /* NSXCell.m in Sources */ = {isa = PBXBuildFile; fileRef = DEAF09891BF988A400C6954F /* NSXCell.m */; };
		DEAF09AF1BF988A400C6954F /* NSXCell.xib in Resources */ = {isa = PBXBuildFile; fileRef = DEAF098A1BF988A400C6954F /* NSXCell.xib */; };
		DEAF09B01BF988A400C6954F /* NSXNavigationController.m in Sources */ = {isa = PBXBuildFile; fileRef = DEAF098E1BF988A400C6954F /* NSXNavigationController.m */; };
		DEAF09B11BF988A400C6954F /* NSXTabBarController.m in Sources */ = {isa = PBXBuildFile; fileRef = DEAF09901BF988A400C6954F /* NSXTabBarController.m */; };
		DEAF09B21BF988A400C6954F /* NSXViewController.m in Sources */ = {isa = PBXBuildFile; fileRef = DEAF09921BF988A400C6954F /* NSXViewController.m */; };
		DEAF09B31BF988A400C6954F /* NSXMessageController.m in Sources */ = {isa = PBXBuildFile; fileRef = DEAF09961BF988A400C6954F /* NSXMessageController.m */; };
		DEAF09B41BF988A400C6954F /* AppDelegate.m in Sources */ = {isa = PBXBuildFile; fileRef = DEAF09991BF988A400C6954F /* AppDelegate.m */; };
		DEAF09B51BF988A400C6954F /* NSXSearchController.m in Sources */ = {isa = PBXBuildFile; fileRef = DEAF099D1BF988A400C6954F /* NSXSearchController.m */; };
		DEAF09B61BF988A400C6954F /* NSXSettingController.m in Sources */ = {isa = PBXBuildFile; fileRef = DEAF09A11BF988A400C6954F /* NSXSettingController.m */; };
		DEAF09B71BF988A400C6954F /* NSXSettingController.storyboard in Resources */ = {isa = PBXBuildFile; fileRef = DEAF09A21BF988A400C6954F /* NSXSettingController.storyboard */; };
		DEAF09B81BF988A400C6954F /* NSXPushController.m in Sources */ = {isa = PBXBuildFile; fileRef = DEAF09A41BF988A400C6954F /* NSXPushController.m */; };
		DEAF09B91BF988A400C6954F /* NSXGroupItem.m in Sources */ = {isa = PBXBuildFile; fileRef = DEAF09A71BF988A400C6954F /* NSXGroupItem.m */; };
		DEAF09BA1BF988A400C6954F /* NSXPushitem.m in Sources */ = {isa = PBXBuildFile; fileRef = DEAF09A91BF988A400C6954F /* NSXPushitem.m */; };
		DEAF09BB1BF988A400C6954F /* NSXSettingItem.m in Sources */ = {isa = PBXBuildFile; fileRef = DEAF09AB1BF988A400C6954F /* NSXSettingItem.m */; };
/* End PBXBuildFile section */

/* Begin PBXContainerItemProxy section */
		DEAF09631BF987AC00C6954F /* PBXContainerItemProxy */ = {
			isa = PBXContainerItemProxy;
			containerPortal = DEAF09411BF987AC00C6954F /* Project object */;
			proxyType = 1;
			remoteGlobalIDString = DEAF09481BF987AC00C6954F;
			remoteInfo = NSXcode;
		};
		DEAF096E1BF987AC00C6954F /* PBXContainerItemProxy */ = {
			isa = PBXContainerItemProxy;
			containerPortal = DEAF09411BF987AC00C6954F /* Project object */;
			proxyType = 1;
			remoteGlobalIDString = DEAF09481BF987AC00C6954F;
			remoteInfo = NSXcode;
		};
/* End PBXContainerItemProxy section */

/* Begin PBXFileReference section */
		03AE6DCBDCC2BA4CECDF6A21 /* libPods.a */ = {isa = PBXFileReference; explicitFileType = archive.ar; includeInIndex = 0; path = libPods.a; sourceTree = BUILT_PRODUCTS_DIR; };
		3D87DEF8C8F57F4AB2781672 /* Pods.debug.xcconfig */ = {isa = PBXFileReference; includeInIndex = 1; lastKnownFileType = text.xcconfig; name = Pods.debug.xcconfig; path = "Pods/Target Support Files/Pods/Pods.debug.xcconfig"; sourceTree = "<group>"; };
		DE34ED821BF9B370003CFC80 /* UITableView+SDAutoTableViewCellHeight.h */ = {isa = PBXFileReference; fileEncoding = 4; lastKnownFileType = sourcecode.c.h; path = "UITableView+SDAutoTableViewCellHeight.h"; sourceTree = "<group>"; };
		DE34ED831BF9B370003CFC80 /* UITableView+SDAutoTableViewCellHeight.m */ = {isa = PBXFileReference; fileEncoding = 4; lastKnownFileType = sourcecode.c.objc; path = "UITableView+SDAutoTableViewCellHeight.m"; sourceTree = "<group>"; };
		DE34ED841BF9B370003CFC80 /* UIView+SDAutoLayout.h */ = {isa = PBXFileReference; fileEncoding = 4; lastKnownFileType = sourcecode.c.h; path = "UIView+SDAutoLayout.h"; sourceTree = "<group>"; };
		DE34ED851BF9B370003CFC80 /* UIView+SDAutoLayout.m */ = {isa = PBXFileReference; fileEncoding = 4; lastKnownFileType = sourcecode.c.objc; path = "UIView+SDAutoLayout.m"; sourceTree = "<group>"; };
		DE34ED8E1BF9B3CF003CFC80 /* DemoVC3.h */ = {isa = PBXFileReference; fileEncoding = 4; lastKnownFileType = sourcecode.c.h; path = DemoVC3.h; sourceTree = "<group>"; };
		DE34ED8F1BF9B3CF003CFC80 /* DemoVC3.m */ = {isa = PBXFileReference; fileEncoding = 4; lastKnownFileType = sourcecode.c.objc; path = DemoVC3.m; sourceTree = "<group>"; };
		DE34ED901BF9B3CF003CFC80 /* TestCell2.h */ = {isa = PBXFileReference; fileEncoding = 4; lastKnownFileType = sourcecode.c.h; path = TestCell2.h; sourceTree = "<group>"; };
		DE34ED911BF9B3CF003CFC80 /* TestCell2.m */ = {isa = PBXFileReference; fileEncoding = 4; lastKnownFileType = sourcecode.c.objc; path = TestCell2.m; sourceTree = "<group>"; };
		DE34ED951BF9B451003CFC80 /* sdRefeshView_arrow@2x.png */ = {isa = PBXFileReference; lastKnownFileType = image.png; path = "sdRefeshView_arrow@2x.png"; sourceTree = "<group>"; };
		DE34ED961BF9B451003CFC80 /* SDRefresh.h */ = {isa = PBXFileReference; fileEncoding = 4; lastKnownFileType = sourcecode.c.h; path = SDRefresh.h; sourceTree = "<group>"; };
		DE34ED971BF9B451003CFC80 /* SDRefreshFooterView.h */ = {isa = PBXFileReference; fileEncoding = 4; lastKnownFileType = sourcecode.c.h; path = SDRefreshFooterView.h; sourceTree = "<group>"; };
		DE34ED981BF9B451003CFC80 /* SDRefreshFooterView.m */ = {isa = PBXFileReference; fileEncoding = 4; lastKnownFileType = sourcecode.c.objc; path = SDRefreshFooterView.m; sourceTree = "<group>"; };
		DE34ED991BF9B451003CFC80 /* SDRefreshHeaderView.h */ = {isa = PBXFileReference; fileEncoding = 4; lastKnownFileType = sourcecode.c.h; path = SDRefreshHeaderView.h; sourceTree = "<group>"; };
		DE34ED9A1BF9B451003CFC80 /* SDRefreshHeaderView.m */ = {isa = PBXFileReference; fileEncoding = 4; lastKnownFileType = sourcecode.c.objc; path = SDRefreshHeaderView.m; sourceTree = "<group>"; };
		DE34ED9B1BF9B451003CFC80 /* SDRefreshView.h */ = {isa = PBXFileReference; fileEncoding = 4; lastKnownFileType = sourcecode.c.h; path = SDRefreshView.h; sourceTree = "<group>"; };
		DE34ED9C1BF9B451003CFC80 /* SDRefreshView.m */ = {isa = PBXFileReference; fileEncoding = 4; lastKnownFileType = sourcecode.c.objc; path = SDRefreshView.m; sourceTree = "<group>"; };
		DE34ED9D1BF9B451003CFC80 /* UIView+SDExtension.h */ = {isa = PBXFileReference; fileEncoding = 4; lastKnownFileType = sourcecode.c.h; path = "UIView+SDExtension.h"; sourceTree = "<group>"; };
		DE34ED9E1BF9B451003CFC80 /* UIView+SDExtension.m */ = {isa = PBXFileReference; fileEncoding = 4; lastKnownFileType = sourcecode.c.objc; path = "UIView+SDExtension.m"; sourceTree = "<group>"; };
		DE34EDA71BF9BE2A003CFC80 /* Base */ = {isa = PBXFileReference; lastKnownFileType = file.storyboard; name = Base; path = Base.lproj/LaunchScreen.storyboard; sourceTree = "<group>"; };
		DE34EDAA1BF9C618003CFC80 /* UIImage+RoundedCorner.h */ = {isa = PBXFileReference; fileEncoding = 4; lastKnownFileType = sourcecode.c.h; path = "UIImage+RoundedCorner.h"; sourceTree = "<group>"; };
		DE34EDAB1BF9C618003CFC80 /* UIImage+RoundedCorner.m */ = {isa = PBXFileReference; fileEncoding = 4; lastKnownFileType = sourcecode.c.objc; path = "UIImage+RoundedCorner.m"; sourceTree = "<group>"; };
		DE34EDAD1BF9C6C3003CFC80 /* UIImage+Alpha.h */ = {isa = PBXFileReference; fileEncoding = 4; lastKnownFileType = sourcecode.c.h; path = "UIImage+Alpha.h"; sourceTree = "<group>"; };
		DE34EDAE1BF9C6C3003CFC80 /* UIImage+Alpha.m */ = {isa = PBXFileReference; fileEncoding = 4; lastKnownFileType = sourcecode.c.objc; path = "UIImage+Alpha.m"; sourceTree = "<group>"; };
		DE34EDB01BF9C8A0003CFC80 /* UIView+Visuals.h */ = {isa = PBXFileReference; fileEncoding = 4; lastKnownFileType = sourcecode.c.h; path = "UIView+Visuals.h"; sourceTree = "<group>"; };
		DE34EDB11BF9C8A0003CFC80 /* UIView+Visuals.m */ = {isa = PBXFileReference; fileEncoding = 4; lastKnownFileType = sourcecode.c.objc; path = "UIView+Visuals.m"; sourceTree = "<group>"; };
		DE9BBB9E1BFCA26B0048D32A /* twitter_0.json */ = {isa = PBXFileReference; fileEncoding = 4; lastKnownFileType = text.json; path = twitter_0.json; sourceTree = "<group>"; };
		DE9BBB9F1BFCA26B0048D32A /* twitter_1.json */ = {isa = PBXFileReference; fileEncoding = 4; lastKnownFileType = text.json; path = twitter_1.json; sourceTree = "<group>"; };
		DE9BBBA01BFCA26B0048D32A /* twitter_2.json */ = {isa = PBXFileReference; fileEncoding = 4; lastKnownFileType = text.json; path = twitter_2.json; sourceTree = "<group>"; };
		DE9BBBA11BFCA26B0048D32A /* twitter_3.json */ = {isa = PBXFileReference; fileEncoding = 4; lastKnownFileType = text.json; path = twitter_3.json; sourceTree = "<group>"; };
		DE9BBBA21BFCA26B0048D32A /* T1Helper.h */ = {isa = PBXFileReference; fileEncoding = 4; lastKnownFileType = sourcecode.c.h; path = T1Helper.h; sourceTree = "<group>"; };
		DE9BBBA31BFCA26B0048D32A /* T1Helper.m */ = {isa = PBXFileReference; fileEncoding = 4; lastKnownFileType = sourcecode.c.objc; path = T1Helper.m; sourceTree = "<group>"; };
		DE9BBBA41BFCA26B0048D32A /* T1HomeTimelineItemsViewController.h */ = {isa = PBXFileReference; fileEncoding = 4; lastKnownFileType = sourcecode.c.h; path = T1HomeTimelineItemsViewController.h; sourceTree = "<group>"; };
		DE9BBBA51BFCA26B0048D32A /* T1HomeTimelineItemsViewController.m */ = {isa = PBXFileReference; fileEncoding = 4; lastKnownFileType = sourcecode.c.objc; path = T1HomeTimelineItemsViewController.m; sourceTree = "<group>"; };
		DE9BBBA61BFCA26B0048D32A /* T1Model.h */ = {isa = PBXFileReference; fileEncoding = 4; lastKnownFileType = sourcecode.c.h; path = T1Model.h; sourceTree = "<group>"; };
		DE9BBBA71BFCA26B0048D32A /* T1Model.m */ = {isa = PBXFileReference; fileEncoding = 4; lastKnownFileType = sourcecode.c.objc; path = T1Model.m; sourceTree = "<group>"; };
		DE9BBBA81BFCA26B0048D32A /* T1StatusCell.h */ = {isa = PBXFileReference; fileEncoding = 4; lastKnownFileType = sourcecode.c.h; path = T1StatusCell.h; sourceTree = "<group>"; };
		DE9BBBA91BFCA26B0048D32A /* T1StatusCell.m */ = {isa = PBXFileReference; fileEncoding = 4; lastKnownFileType = sourcecode.c.objc; path = T1StatusCell.m; sourceTree = "<group>"; };
		DE9BBBAA1BFCA26B0048D32A /* T1StatusLayout.h */ = {isa = PBXFileReference; fileEncoding = 4; lastKnownFileType = sourcecode.c.h; path = T1StatusLayout.h; sourceTree = "<group>"; };
		DE9BBBAB1BFCA26B0048D32A /* T1StatusLayout.m */ = {isa = PBXFileReference; fileEncoding = 4; lastKnownFileType = sourcecode.c.objc; path = T1StatusLayout.m; sourceTree = "<group>"; };
		DE9BBBAE1BFCA26B0048D32A /* weibo_0.json */ = {isa = PBXFileReference; fileEncoding = 4; lastKnownFileType = text.json; path = weibo_0.json; sourceTree = "<group>"; };
		DE9BBBAF1BFCA26B0048D32A /* weibo_1.json */ = {isa = PBXFileReference; fileEncoding = 4; lastKnownFileType = text.json; path = weibo_1.json; sourceTree = "<group>"; };
		DE9BBBB01BFCA26B0048D32A /* weibo_2.json */ = {isa = PBXFileReference; fileEncoding = 4; lastKnownFileType = text.json; path = weibo_2.json; sourceTree = "<group>"; };
		DE9BBBB11BFCA26B0048D32A /* weibo_3.json */ = {isa = PBXFileReference; fileEncoding = 4; lastKnownFileType = text.json; path = weibo_3.json; sourceTree = "<group>"; };
		DE9BBBB21BFCA26B0048D32A /* weibo_4.json */ = {isa = PBXFileReference; fileEncoding = 4; lastKnownFileType = text.json; path = weibo_4.json; sourceTree = "<group>"; };
		DE9BBBB31BFCA26B0048D32A /* weibo_5.json */ = {isa = PBXFileReference; fileEncoding = 4; lastKnownFileType = text.json; path = weibo_5.json; sourceTree = "<group>"; };
		DE9BBBB41BFCA26B0048D32A /* weibo_6.json */ = {isa = PBXFileReference; fileEncoding = 4; lastKnownFileType = text.json; path = weibo_6.json; sourceTree = "<group>"; };
		DE9BBBB51BFCA26B0048D32A /* weibo_7.json */ = {isa = PBXFileReference; fileEncoding = 4; lastKnownFileType = text.json; path = weibo_7.json; sourceTree = "<group>"; };
		DE9BBBB61BFCA26B0048D32A /* WBEmoticonInputView.h */ = {isa = PBXFileReference; fileEncoding = 4; lastKnownFileType = sourcecode.c.h; path = WBEmoticonInputView.h; sourceTree = "<group>"; };
		DE9BBBB71BFCA26B0048D32A /* WBEmoticonInputView.m */ = {isa = PBXFileReference; fileEncoding = 4; lastKnownFileType = sourcecode.c.objc; path = WBEmoticonInputView.m; sourceTree = "<group>"; };
		DE9BBBB81BFCA26B0048D32A /* WBModel.h */ = {isa = PBXFileReference; fileEncoding = 4; lastKnownFileType = sourcecode.c.h; path = WBModel.h; sourceTree = "<group>"; };
		DE9BBBB91BFCA26B0048D32A /* WBModel.m */ = {isa = PBXFileReference; fileEncoding = 4; lastKnownFileType = sourcecode.c.objc; path = WBModel.m; sourceTree = "<group>"; };
		DE9BBBBA1BFCA26B0048D32A /* WBStatusCell.h */ = {isa = PBXFileReference; fileEncoding = 4; lastKnownFileType = sourcecode.c.h; path = WBStatusCell.h; sourceTree = "<group>"; };
		DE9BBBBB1BFCA26B0048D32A /* WBStatusCell.m */ = {isa = PBXFileReference; fileEncoding = 4; lastKnownFileType = sourcecode.c.objc; path = WBStatusCell.m; sourceTree = "<group>"; };
		DE9BBBBC1BFCA26B0048D32A /* WBStatusComposeTextParser.h */ = {isa = PBXFileReference; fileEncoding = 4; lastKnownFileType = sourcecode.c.h; path = WBStatusComposeTextParser.h; sourceTree = "<group>"; };
		DE9BBBBD1BFCA26B0048D32A /* WBStatusComposeTextParser.m */ = {isa = PBXFileReference; fileEncoding = 4; lastKnownFileType = sourcecode.c.objc; path = WBStatusComposeTextParser.m; sourceTree = "<group>"; };
		DE9BBBBE1BFCA26B0048D32A /* WBStatusComposeViewController.h */ = {isa = PBXFileReference; fileEncoding = 4; lastKnownFileType = sourcecode.c.h; path = WBStatusComposeViewController.h; sourceTree = "<group>"; };
		DE9BBBBF1BFCA26B0048D32A /* WBStatusComposeViewController.m */ = {isa = PBXFileReference; fileEncoding = 4; lastKnownFileType = sourcecode.c.objc; path = WBStatusComposeViewController.m; sourceTree = "<group>"; };
		DE9BBBC01BFCA26B0048D32A /* WBStatusHelper.h */ = {isa = PBXFileReference; fileEncoding = 4; lastKnownFileType = sourcecode.c.h; path = WBStatusHelper.h; sourceTree = "<group>"; };
		DE9BBBC11BFCA26B0048D32A /* WBStatusHelper.m */ = {isa = PBXFileReference; fileEncoding = 4; lastKnownFileType = sourcecode.c.objc; path = WBStatusHelper.m; sourceTree = "<group>"; };
		DE9BBBC21BFCA26B0048D32A /* WBStatusLayout.h */ = {isa = PBXFileReference; fileEncoding = 4; lastKnownFileType = sourcecode.c.h; path = WBStatusLayout.h; sourceTree = "<group>"; };
		DE9BBBC31BFCA26B0048D32A /* WBStatusLayout.m */ = {isa = PBXFileReference; fileEncoding = 4; lastKnownFileType = sourcecode.c.objc; path = WBStatusLayout.m; sourceTree = "<group>"; };
		DE9BBBC41BFCA26B0048D32A /* WBStatusTimelineViewController.h */ = {isa = PBXFileReference; fileEncoding = 4; lastKnownFileType = sourcecode.c.h; path = WBStatusTimelineViewController.h; sourceTree = "<group>"; };
		DE9BBBC51BFCA26B0048D32A /* WBStatusTimelineViewController.m */ = {isa = PBXFileReference; fileEncoding = 4; lastKnownFileType = sourcecode.c.objc; path = WBStatusTimelineViewController.m; sourceTree = "<group>"; };
		DE9BBC061BFCA5280048D32A /* YYControl.h */ = {isa = PBXFileReference; fileEncoding = 4; lastKnownFileType = sourcecode.c.h; path = YYControl.h; sourceTree = "<group>"; };
		DE9BBC071BFCA5280048D32A /* YYControl.m */ = {isa = PBXFileReference; fileEncoding = 4; lastKnownFileType = sourcecode.c.objc; path = YYControl.m; sourceTree = "<group>"; };
		DE9BBC081BFCA5280048D32A /* YYFPSLabel.h */ = {isa = PBXFileReference; fileEncoding = 4; lastKnownFileType = sourcecode.c.h; path = YYFPSLabel.h; sourceTree = "<group>"; };
		DE9BBC091BFCA5280048D32A /* YYFPSLabel.m */ = {isa = PBXFileReference; fileEncoding = 4; lastKnownFileType = sourcecode.c.objc; path = YYFPSLabel.m; sourceTree = "<group>"; };
		DE9BBC0A1BFCA5280048D32A /* YYPhotoGroupView.h */ = {isa = PBXFileReference; fileEncoding = 4; lastKnownFileType = sourcecode.c.h; path = YYPhotoGroupView.h; sourceTree = "<group>"; };
		DE9BBC0B1BFCA5280048D32A /* YYPhotoGroupView.m */ = {isa = PBXFileReference; fileEncoding = 4; lastKnownFileType = sourcecode.c.objc; path = YYPhotoGroupView.m; sourceTree = "<group>"; };
		DE9BBC0C1BFCA5280048D32A /* YYSimpleWebViewController.h */ = {isa = PBXFileReference; fileEncoding = 4; lastKnownFileType = sourcecode.c.h; path = YYSimpleWebViewController.h; sourceTree = "<group>"; };
		DE9BBC0D1BFCA5280048D32A /* YYSimpleWebViewController.m */ = {isa = PBXFileReference; fileEncoding = 4; lastKnownFileType = sourcecode.c.objc; path = YYSimpleWebViewController.m; sourceTree = "<group>"; };
		DE9BBC0E1BFCA5280048D32A /* YYTableView.h */ = {isa = PBXFileReference; fileEncoding = 4; lastKnownFileType = sourcecode.c.h; path = YYTableView.h; sourceTree = "<group>"; };
		DE9BBC0F1BFCA5280048D32A /* YYTableView.m */ = {isa = PBXFileReference; fileEncoding = 4; lastKnownFileType = sourcecode.c.objc; path = YYTableView.m; sourceTree = "<group>"; };
		DE9BBC101BFCA5280048D32A /* YYTableViewCell.h */ = {isa = PBXFileReference; fileEncoding = 4; lastKnownFileType = sourcecode.c.h; path = YYTableViewCell.h; sourceTree = "<group>"; };
		DE9BBC111BFCA5280048D32A /* YYTableViewCell.m */ = {isa = PBXFileReference; fileEncoding = 4; lastKnownFileType = sourcecode.c.objc; path = YYTableViewCell.m; sourceTree = "<group>"; };
		DEAF09491BF987AC00C6954F /* NSXcode.app */ = {isa = PBXFileReference; explicitFileType = wrapper.application; includeInIndex = 0; path = NSXcode.app; sourceTree = BUILT_PRODUCTS_DIR; };
		DEAF094D1BF987AC00C6954F /* main.m */ = {isa = PBXFileReference; lastKnownFileType = sourcecode.c.objc; path = main.m; sourceTree = "<group>"; };
		DEAF09561BF987AC00C6954F /* Base */ = {isa = PBXFileReference; lastKnownFileType = file.storyboard; name = Base; path = Base.lproj/Main.storyboard; sourceTree = "<group>"; };
		DEAF09581BF987AC00C6954F /* Assets.xcassets */ = {isa = PBXFileReference; lastKnownFileType = folder.assetcatalog; path = Assets.xcassets; sourceTree = "<group>"; };
		DEAF095D1BF987AC00C6954F /* Info.plist */ = {isa = PBXFileReference; lastKnownFileType = text.plist.xml; path = Info.plist; sourceTree = "<group>"; };
		DEAF09621BF987AC00C6954F /* NSXcodeTests.xctest */ = {isa = PBXFileReference; explicitFileType = wrapper.cfbundle; includeInIndex = 0; path = NSXcodeTests.xctest; sourceTree = BUILT_PRODUCTS_DIR; };
		DEAF09661BF987AC00C6954F /* NSXcodeTests.m */ = {isa = PBXFileReference; lastKnownFileType = sourcecode.c.objc; path = NSXcodeTests.m; sourceTree = "<group>"; };
		DEAF09681BF987AC00C6954F /* Info.plist */ = {isa = PBXFileReference; lastKnownFileType = text.plist.xml; path = Info.plist; sourceTree = "<group>"; };
		DEAF096D1BF987AC00C6954F /* NSXcodeUITests.xctest */ = {isa = PBXFileReference; explicitFileType = wrapper.cfbundle; includeInIndex = 0; path = NSXcodeUITests.xctest; sourceTree = BUILT_PRODUCTS_DIR; };
		DEAF09711BF987AC00C6954F /* NSXcodeUITests.m */ = {isa = PBXFileReference; lastKnownFileType = sourcecode.c.objc; path = NSXcodeUITests.m; sourceTree = "<group>"; };
		DEAF09731BF987AC00C6954F /* Info.plist */ = {isa = PBXFileReference; lastKnownFileType = text.plist.xml; path = Info.plist; sourceTree = "<group>"; };
		DEAF09821BF988A400C6954F /* NSXHomeController.h */ = {isa = PBXFileReference; fileEncoding = 4; lastKnownFileType = sourcecode.c.h; path = NSXHomeController.h; sourceTree = "<group>"; };
		DEAF09831BF988A400C6954F /* NSXHomeController.m */ = {isa = PBXFileReference; fileEncoding = 4; lastKnownFileType = sourcecode.c.objc; path = NSXHomeController.m; sourceTree = "<group>"; };
		DEAF09851BF988A400C6954F /* NSXMenu.h */ = {isa = PBXFileReference; fileEncoding = 4; lastKnownFileType = sourcecode.c.h; path = NSXMenu.h; sourceTree = "<group>"; };
		DEAF09861BF988A400C6954F /* NSXMenu.m */ = {isa = PBXFileReference; fileEncoding = 4; lastKnownFileType = sourcecode.c.objc; path = NSXMenu.m; sourceTree = "<group>"; };
		DEAF09881BF988A400C6954F /* NSXCell.h */ = {isa = PBXFileReference; fileEncoding = 4; lastKnownFileType = sourcecode.c.h; path = NSXCell.h; sourceTree = "<group>"; };
		DEAF09891BF988A400C6954F /* NSXCell.m */ = {isa = PBXFileReference; fileEncoding = 4; lastKnownFileType = sourcecode.c.objc; path = NSXCell.m; sourceTree = "<group>"; };
		DEAF098A1BF988A400C6954F /* NSXCell.xib */ = {isa = PBXFileReference; fileEncoding = 4; lastKnownFileType = file.xib; path = NSXCell.xib; sourceTree = "<group>"; };
		DEAF098D1BF988A400C6954F /* NSXNavigationController.h */ = {isa = PBXFileReference; fileEncoding = 4; lastKnownFileType = sourcecode.c.h; path = NSXNavigationController.h; sourceTree = "<group>"; };
		DEAF098E1BF988A400C6954F /* NSXNavigationController.m */ = {isa = PBXFileReference; fileEncoding = 4; lastKnownFileType = sourcecode.c.objc; path = NSXNavigationController.m; sourceTree = "<group>"; };
		DEAF098F1BF988A400C6954F /* NSXTabBarController.h */ = {isa = PBXFileReference; fileEncoding = 4; lastKnownFileType = sourcecode.c.h; path = NSXTabBarController.h; sourceTree = "<group>"; };
		DEAF09901BF988A400C6954F /* NSXTabBarController.m */ = {isa = PBXFileReference; fileEncoding = 4; lastKnownFileType = sourcecode.c.objc; path = NSXTabBarController.m; sourceTree = "<group>"; };
		DEAF09911BF988A400C6954F /* NSXViewController.h */ = {isa = PBXFileReference; fileEncoding = 4; lastKnownFileType = sourcecode.c.h; path = NSXViewController.h; sourceTree = "<group>"; };
		DEAF09921BF988A400C6954F /* NSXViewController.m */ = {isa = PBXFileReference; fileEncoding = 4; lastKnownFileType = sourcecode.c.objc; path = NSXViewController.m; sourceTree = "<group>"; };
		DEAF09951BF988A400C6954F /* NSXMessageController.h */ = {isa = PBXFileReference; fileEncoding = 4; lastKnownFileType = sourcecode.c.h; path = NSXMessageController.h; sourceTree = "<group>"; };
		DEAF09961BF988A400C6954F /* NSXMessageController.m */ = {isa = PBXFileReference; fileEncoding = 4; lastKnownFileType = sourcecode.c.objc; path = NSXMessageController.m; sourceTree = "<group>"; };
		DEAF09981BF988A400C6954F /* AppDelegate.h */ = {isa = PBXFileReference; fileEncoding = 4; lastKnownFileType = sourcecode.c.h; path = AppDelegate.h; sourceTree = "<group>"; };
		DEAF09991BF988A400C6954F /* AppDelegate.m */ = {isa = PBXFileReference; fileEncoding = 4; lastKnownFileType = sourcecode.c.objc; path = AppDelegate.m; sourceTree = "<group>"; };
		DEAF099C1BF988A400C6954F /* NSXSearchController.h */ = {isa = PBXFileReference; fileEncoding = 4; lastKnownFileType = sourcecode.c.h; path = NSXSearchController.h; sourceTree = "<group>"; };
		DEAF099D1BF988A400C6954F /* NSXSearchController.m */ = {isa = PBXFileReference; fileEncoding = 4; lastKnownFileType = sourcecode.c.objc; path = NSXSearchController.m; sourceTree = "<group>"; };
		DEAF09A01BF988A400C6954F /* NSXSettingController.h */ = {isa = PBXFileReference; fileEncoding = 4; lastKnownFileType = sourcecode.c.h; path = NSXSettingController.h; sourceTree = "<group>"; };
		DEAF09A11BF988A400C6954F /* NSXSettingController.m */ = {isa = PBXFileReference; fileEncoding = 4; lastKnownFileType = sourcecode.c.objc; path = NSXSettingController.m; sourceTree = "<group>"; };
		DEAF09A21BF988A400C6954F /* NSXSettingController.storyboard */ = {isa = PBXFileReference; fileEncoding = 4; lastKnownFileType = file.storyboard; path = NSXSettingController.storyboard; sourceTree = "<group>"; };
		DEAF09A31BF988A400C6954F /* NSXPushController.h */ = {isa = PBXFileReference; fileEncoding = 4; lastKnownFileType = sourcecode.c.h; path = NSXPushController.h; sourceTree = "<group>"; };
		DEAF09A41BF988A400C6954F /* NSXPushController.m */ = {isa = PBXFileReference; fileEncoding = 4; lastKnownFileType = sourcecode.c.objc; path = NSXPushController.m; sourceTree = "<group>"; };
		DEAF09A61BF988A400C6954F /* NSXGroupItem.h */ = {isa = PBXFileReference; fileEncoding = 4; lastKnownFileType = sourcecode.c.h; path = NSXGroupItem.h; sourceTree = "<group>"; };
		DEAF09A71BF988A400C6954F /* NSXGroupItem.m */ = {isa = PBXFileReference; fileEncoding = 4; lastKnownFileType = sourcecode.c.objc; path = NSXGroupItem.m; sourceTree = "<group>"; };
		DEAF09A81BF988A400C6954F /* NSXPushitem.h */ = {isa = PBXFileReference; fileEncoding = 4; lastKnownFileType = sourcecode.c.h; path = NSXPushitem.h; sourceTree = "<group>"; };
		DEAF09A91BF988A400C6954F /* NSXPushitem.m */ = {isa = PBXFileReference; fileEncoding = 4; lastKnownFileType = sourcecode.c.objc; path = NSXPushitem.m; sourceTree = "<group>"; };
		DEAF09AA1BF988A400C6954F /* NSXSettingItem.h */ = {isa = PBXFileReference; fileEncoding = 4; lastKnownFileType = sourcecode.c.h; path = NSXSettingItem.h; sourceTree = "<group>"; };
		DEAF09AB1BF988A400C6954F /* NSXSettingItem.m */ = {isa = PBXFileReference; fileEncoding = 4; lastKnownFileType = sourcecode.c.objc; path = NSXSettingItem.m; sourceTree = "<group>"; };
		E5CBF173F21CD2FEC0E93851 /* Pods.release.xcconfig */ = {isa = PBXFileReference; includeInIndex = 1; lastKnownFileType = text.xcconfig; name = Pods.release.xcconfig; path = "Pods/Target Support Files/Pods/Pods.release.xcconfig"; sourceTree = "<group>"; };
/* End PBXFileReference section */

/* Begin PBXFrameworksBuildPhase section */
		DEAF09461BF987AC00C6954F /* Frameworks */ = {
			isa = PBXFrameworksBuildPhase;
			buildActionMask = 2147483647;
			files = (
				35612A354A341856D19E82D6 /* libPods.a in Frameworks */,
			);
			runOnlyForDeploymentPostprocessing = 0;
		};
		DEAF095F1BF987AC00C6954F /* Frameworks */ = {
			isa = PBXFrameworksBuildPhase;
			buildActionMask = 2147483647;
			files = (
			);
			runOnlyForDeploymentPostprocessing = 0;
		};
		DEAF096A1BF987AC00C6954F /* Frameworks */ = {
			isa = PBXFrameworksBuildPhase;
			buildActionMask = 2147483647;
			files = (
			);
			runOnlyForDeploymentPostprocessing = 0;
		};
/* End PBXFrameworksBuildPhase section */

/* Begin PBXGroup section */
		9E3EC4B76E364173628F96AA /* Frameworks */ = {
			isa = PBXGroup;
			children = (
				03AE6DCBDCC2BA4CECDF6A21 /* libPods.a */,
			);
			name = Frameworks;
			sourceTree = "<group>";
		};
		BC74266EFA52EDAA57DF37CF /* Pods */ = {
			isa = PBXGroup;
			children = (
				3D87DEF8C8F57F4AB2781672 /* Pods.debug.xcconfig */,
				E5CBF173F21CD2FEC0E93851 /* Pods.release.xcconfig */,
			);
			name = Pods;
			sourceTree = "<group>";
		};
		DE34ED801BF9B364003CFC80 /* Libs */ = {
			isa = PBXGroup;
			children = (
				DE34EDA91BF9C609003CFC80 /* Categories */,
				DE34ED941BF9B451003CFC80 /* SDRefeshView */,
				DE34ED811BF9B370003CFC80 /* SDAutoLayout */,
			);
			path = Libs;
			sourceTree = "<group>";
		};
		DE34ED811BF9B370003CFC80 /* SDAutoLayout */ = {
			isa = PBXGroup;
			children = (
				DE34ED821BF9B370003CFC80 /* UITableView+SDAutoTableViewCellHeight.h */,
				DE34ED831BF9B370003CFC80 /* UITableView+SDAutoTableViewCellHeight.m */,
				DE34ED841BF9B370003CFC80 /* UIView+SDAutoLayout.h */,
				DE34ED851BF9B370003CFC80 /* UIView+SDAutoLayout.m */,
			);
			path = SDAutoLayout;
			sourceTree = "<group>";
		};
		DE34ED941BF9B451003CFC80 /* SDRefeshView */ = {
			isa = PBXGroup;
			children = (
				DE34ED951BF9B451003CFC80 /* sdRefeshView_arrow@2x.png */,
				DE34ED961BF9B451003CFC80 /* SDRefresh.h */,
				DE34ED971BF9B451003CFC80 /* SDRefreshFooterView.h */,
				DE34ED981BF9B451003CFC80 /* SDRefreshFooterView.m */,
				DE34ED991BF9B451003CFC80 /* SDRefreshHeaderView.h */,
				DE34ED9A1BF9B451003CFC80 /* SDRefreshHeaderView.m */,
				DE34ED9B1BF9B451003CFC80 /* SDRefreshView.h */,
				DE34ED9C1BF9B451003CFC80 /* SDRefreshView.m */,
				DE34ED9D1BF9B451003CFC80 /* UIView+SDExtension.h */,
				DE34ED9E1BF9B451003CFC80 /* UIView+SDExtension.m */,
			);
			path = SDRefeshView;
			sourceTree = "<group>";
		};
		DE34EDA91BF9C609003CFC80 /* Categories */ = {
			isa = PBXGroup;
			children = (
				DE34EDB01BF9C8A0003CFC80 /* UIView+Visuals.h */,
				DE34EDB11BF9C8A0003CFC80 /* UIView+Visuals.m */,
				DE34EDAD1BF9C6C3003CFC80 /* UIImage+Alpha.h */,
				DE34EDAE1BF9C6C3003CFC80 /* UIImage+Alpha.m */,
				DE34EDAA1BF9C618003CFC80 /* UIImage+RoundedCorner.h */,
				DE34EDAB1BF9C618003CFC80 /* UIImage+RoundedCorner.m */,
			);
			path = Categories;
			sourceTree = "<group>";
		};
		DE9BBB9C1BFCA26B0048D32A /* Twitter */ = {
			isa = PBXGroup;
			children = (
				DE9BBB9D1BFCA26B0048D32A /* API Dump */,
				DE9BBBA21BFCA26B0048D32A /* T1Helper.h */,
				DE9BBBA31BFCA26B0048D32A /* T1Helper.m */,
				DE9BBBA41BFCA26B0048D32A /* T1HomeTimelineItemsViewController.h */,
				DE9BBBA51BFCA26B0048D32A /* T1HomeTimelineItemsViewController.m */,
				DE9BBBA61BFCA26B0048D32A /* T1Model.h */,
				DE9BBBA71BFCA26B0048D32A /* T1Model.m */,
				DE9BBBA81BFCA26B0048D32A /* T1StatusCell.h */,
				DE9BBBA91BFCA26B0048D32A /* T1StatusCell.m */,
				DE9BBBAA1BFCA26B0048D32A /* T1StatusLayout.h */,
				DE9BBBAB1BFCA26B0048D32A /* T1StatusLayout.m */,
			);
			path = Twitter;
			sourceTree = "<group>";
		};
		DE9BBB9D1BFCA26B0048D32A /* API Dump */ = {
			isa = PBXGroup;
			children = (
				DE9BBB9E1BFCA26B0048D32A /* twitter_0.json */,
				DE9BBB9F1BFCA26B0048D32A /* twitter_1.json */,
				DE9BBBA01BFCA26B0048D32A /* twitter_2.json */,
				DE9BBBA11BFCA26B0048D32A /* twitter_3.json */,
			);
			path = "API Dump";
			sourceTree = "<group>";
		};
		DE9BBBAC1BFCA26B0048D32A /* Weibo */ = {
			isa = PBXGroup;
			children = (
				DE9BBBAD1BFCA26B0048D32A /* API Dump */,
				DE9BBBB61BFCA26B0048D32A /* WBEmoticonInputView.h */,
				DE9BBBB71BFCA26B0048D32A /* WBEmoticonInputView.m */,
				DE9BBBB81BFCA26B0048D32A /* WBModel.h */,
				DE9BBBB91BFCA26B0048D32A /* WBModel.m */,
				DE9BBBBA1BFCA26B0048D32A /* WBStatusCell.h */,
				DE9BBBBB1BFCA26B0048D32A /* WBStatusCell.m */,
				DE9BBBBC1BFCA26B0048D32A /* WBStatusComposeTextParser.h */,
				DE9BBBBD1BFCA26B0048D32A /* WBStatusComposeTextParser.m */,
				DE9BBBBE1BFCA26B0048D32A /* WBStatusComposeViewController.h */,
				DE9BBBBF1BFCA26B0048D32A /* WBStatusComposeViewController.m */,
				DE9BBBC01BFCA26B0048D32A /* WBStatusHelper.h */,
				DE9BBBC11BFCA26B0048D32A /* WBStatusHelper.m */,
				DE9BBBC21BFCA26B0048D32A /* WBStatusLayout.h */,
				DE9BBBC31BFCA26B0048D32A /* WBStatusLayout.m */,
				DE9BBBC41BFCA26B0048D32A /* WBStatusTimelineViewController.h */,
				DE9BBBC51BFCA26B0048D32A /* WBStatusTimelineViewController.m */,
			);
			path = Weibo;
			sourceTree = "<group>";
		};
		DE9BBBAD1BFCA26B0048D32A /* API Dump */ = {
			isa = PBXGroup;
			children = (
				DE9BBBAE1BFCA26B0048D32A /* weibo_0.json */,
				DE9BBBAF1BFCA26B0048D32A /* weibo_1.json */,
				DE9BBBB01BFCA26B0048D32A /* weibo_2.json */,
				DE9BBBB11BFCA26B0048D32A /* weibo_3.json */,
				DE9BBBB21BFCA26B0048D32A /* weibo_4.json */,
				DE9BBBB31BFCA26B0048D32A /* weibo_5.json */,
				DE9BBBB41BFCA26B0048D32A /* weibo_6.json */,
				DE9BBBB51BFCA26B0048D32A /* weibo_7.json */,
			);
			path = "API Dump";
			sourceTree = "<group>";
		};
		DE9BBC051BFCA5280048D32A /* Utility */ = {
			isa = PBXGroup;
			children = (
				DE9BBC061BFCA5280048D32A /* YYControl.h */,
				DE9BBC071BFCA5280048D32A /* YYControl.m */,
				DE9BBC081BFCA5280048D32A /* YYFPSLabel.h */,
				DE9BBC091BFCA5280048D32A /* YYFPSLabel.m */,
				DE9BBC0A1BFCA5280048D32A /* YYPhotoGroupView.h */,
				DE9BBC0B1BFCA5280048D32A /* YYPhotoGroupView.m */,
				DE9BBC0C1BFCA5280048D32A /* YYSimpleWebViewController.h */,
				DE9BBC0D1BFCA5280048D32A /* YYSimpleWebViewController.m */,
				DE9BBC0E1BFCA5280048D32A /* YYTableView.h */,
				DE9BBC0F1BFCA5280048D32A /* YYTableView.m */,
				DE9BBC101BFCA5280048D32A /* YYTableViewCell.h */,
				DE9BBC111BFCA5280048D32A /* YYTableViewCell.m */,
			);
			path = Utility;
			sourceTree = "<group>";
		};
		DEAF09401BF987AC00C6954F = {
			isa = PBXGroup;
			children = (
				DEAF094B1BF987AC00C6954F /* NSXcode */,
				DEAF09651BF987AC00C6954F /* NSXcodeTests */,
				DEAF09701BF987AC00C6954F /* NSXcodeUITests */,
				DEAF094A1BF987AC00C6954F /* Products */,
				BC74266EFA52EDAA57DF37CF /* Pods */,
				9E3EC4B76E364173628F96AA /* Frameworks */,
			);
			sourceTree = "<group>";
		};
		DEAF094A1BF987AC00C6954F /* Products */ = {
			isa = PBXGroup;
			children = (
				DEAF09491BF987AC00C6954F /* NSXcode.app */,
				DEAF09621BF987AC00C6954F /* NSXcodeTests.xctest */,
				DEAF096D1BF987AC00C6954F /* NSXcodeUITests.xctest */,
			);
			name = Products;
			sourceTree = "<group>";
		};
		DEAF094B1BF987AC00C6954F /* NSXcode */ = {
			isa = PBXGroup;
			children = (
				DEAF097F1BF988A400C6954F /* Classes */,
				DEAF09551BF987AC00C6954F /* Main.storyboard */,
				DE34EDA61BF9BE2A003CFC80 /* LaunchScreen.storyboard */,
				DEAF09581BF987AC00C6954F /* Assets.xcassets */,
				DEAF095D1BF987AC00C6954F /* Info.plist */,
				DEAF094C1BF987AC00C6954F /* Supporting Files */,
			);
			path = NSXcode;
			sourceTree = "<group>";
		};
		DEAF094C1BF987AC00C6954F /* Supporting Files */ = {
			isa = PBXGroup;
			children = (
				DEAF094D1BF987AC00C6954F /* main.m */,
			);
			name = "Supporting Files";
			sourceTree = "<group>";
		};
		DEAF09651BF987AC00C6954F /* NSXcodeTests */ = {
			isa = PBXGroup;
			children = (
				DEAF09661BF987AC00C6954F /* NSXcodeTests.m */,
				DEAF09681BF987AC00C6954F /* Info.plist */,
			);
			path = NSXcodeTests;
			sourceTree = "<group>";
		};
		DEAF09701BF987AC00C6954F /* NSXcodeUITests */ = {
			isa = PBXGroup;
			children = (
				DEAF09711BF987AC00C6954F /* NSXcodeUITests.m */,
				DEAF09731BF987AC00C6954F /* Info.plist */,
			);
			path = NSXcodeUITests;
			sourceTree = "<group>";
		};
		DEAF097F1BF988A400C6954F /* Classes */ = {
			isa = PBXGroup;
			children = (
				DE9BBC051BFCA5280048D32A /* Utility */,
				DE34ED801BF9B364003CFC80 /* Libs */,
				DEAF098B1BF988A400C6954F /* Main */,
				DEAF09801BF988A400C6954F /* Home */,
				DEAF09931BF988A400C6954F /* Message */,
				DEAF09971BF988A400C6954F /* other */,
				DEAF099A1BF988A400C6954F /* Serach */,
				DEAF099E1BF988A400C6954F /* Setting */,
			);
			path = Classes;
			sourceTree = "<group>";
		};
		DEAF09801BF988A400C6954F /* Home */ = {
			isa = PBXGroup;
			children = (
				DEAF09811BF988A400C6954F /* Controller */,
				DEAF09841BF988A400C6954F /* Model */,
				DEAF09871BF988A400C6954F /* View */,
			);
			path = Home;
			sourceTree = "<group>";
		};
		DEAF09811BF988A400C6954F /* Controller */ = {
			isa = PBXGroup;
			children = (
				DE9BBB9C1BFCA26B0048D32A /* Twitter */,
				DE9BBBAC1BFCA26B0048D32A /* Weibo */,
				DE34ED8E1BF9B3CF003CFC80 /* DemoVC3.h */,
				DE34ED8F1BF9B3CF003CFC80 /* DemoVC3.m */,
				DE34ED901BF9B3CF003CFC80 /* TestCell2.h */,
				DE34ED911BF9B3CF003CFC80 /* TestCell2.m */,
				DEAF09821BF988A400C6954F /* NSXHomeController.h */,
				DEAF09831BF988A400C6954F /* NSXHomeController.m */,
			);
			path = Controller;
			sourceTree = "<group>";
		};
		DEAF09841BF988A400C6954F /* Model */ = {
			isa = PBXGroup;
			children = (
				DEAF09851BF988A400C6954F /* NSXMenu.h */,
				DEAF09861BF988A400C6954F /* NSXMenu.m */,
			);
			path = Model;
			sourceTree = "<group>";
		};
		DEAF09871BF988A400C6954F /* View */ = {
			isa = PBXGroup;
			children = (
				DEAF09881BF988A400C6954F /* NSXCell.h */,
				DEAF09891BF988A400C6954F /* NSXCell.m */,
				DEAF098A1BF988A400C6954F /* NSXCell.xib */,
			);
			path = View;
			sourceTree = "<group>";
		};
		DEAF098B1BF988A400C6954F /* Main */ = {
			isa = PBXGroup;
			children = (
				DEAF098C1BF988A400C6954F /* Controller */,
			);
			path = Main;
			sourceTree = "<group>";
		};
		DEAF098C1BF988A400C6954F /* Controller */ = {
			isa = PBXGroup;
			children = (
				DEAF098D1BF988A400C6954F /* NSXNavigationController.h */,
				DEAF098E1BF988A400C6954F /* NSXNavigationController.m */,
				DEAF098F1BF988A400C6954F /* NSXTabBarController.h */,
				DEAF09901BF988A400C6954F /* NSXTabBarController.m */,
				DEAF09911BF988A400C6954F /* NSXViewController.h */,
				DEAF09921BF988A400C6954F /* NSXViewController.m */,
			);
			path = Controller;
			sourceTree = "<group>";
		};
		DEAF09931BF988A400C6954F /* Message */ = {
			isa = PBXGroup;
			children = (
				DEAF09941BF988A400C6954F /* Controller */,
			);
			path = Message;
			sourceTree = "<group>";
		};
		DEAF09941BF988A400C6954F /* Controller */ = {
			isa = PBXGroup;
			children = (
				DEAF09951BF988A400C6954F /* NSXMessageController.h */,
				DEAF09961BF988A400C6954F /* NSXMessageController.m */,
			);
			path = Controller;
			sourceTree = "<group>";
		};
		DEAF09971BF988A400C6954F /* other */ = {
			isa = PBXGroup;
			children = (
				DEAF09981BF988A400C6954F /* AppDelegate.h */,
				DEAF09991BF988A400C6954F /* AppDelegate.m */,
			);
			path = other;
			sourceTree = "<group>";
		};
		DEAF099A1BF988A400C6954F /* Serach */ = {
			isa = PBXGroup;
			children = (
				DEAF099B1BF988A400C6954F /* Controller */,
			);
			path = Serach;
			sourceTree = "<group>";
		};
		DEAF099B1BF988A400C6954F /* Controller */ = {
			isa = PBXGroup;
			children = (
				DEAF099C1BF988A400C6954F /* NSXSearchController.h */,
				DEAF099D1BF988A400C6954F /* NSXSearchController.m */,
			);
			path = Controller;
			sourceTree = "<group>";
		};
		DEAF099E1BF988A400C6954F /* Setting */ = {
			isa = PBXGroup;
			children = (
				DEAF099F1BF988A400C6954F /* Controller */,
				DEAF09A51BF988A400C6954F /* Model */,
			);
			path = Setting;
			sourceTree = "<group>";
		};
		DEAF099F1BF988A400C6954F /* Controller */ = {
			isa = PBXGroup;
			children = (
				DEAF09A01BF988A400C6954F /* NSXSettingController.h */,
				DEAF09A11BF988A400C6954F /* NSXSettingController.m */,
				DEAF09A21BF988A400C6954F /* NSXSettingController.storyboard */,
				DEAF09A31BF988A400C6954F /* NSXPushController.h */,
				DEAF09A41BF988A400C6954F /* NSXPushController.m */,
			);
			path = Controller;
			sourceTree = "<group>";
		};
		DEAF09A51BF988A400C6954F /* Model */ = {
			isa = PBXGroup;
			children = (
				DEAF09A61BF988A400C6954F /* NSXGroupItem.h */,
				DEAF09A71BF988A400C6954F /* NSXGroupItem.m */,
				DEAF09A81BF988A400C6954F /* NSXPushitem.h */,
				DEAF09A91BF988A400C6954F /* NSXPushitem.m */,
				DEAF09AA1BF988A400C6954F /* NSXSettingItem.h */,
				DEAF09AB1BF988A400C6954F /* NSXSettingItem.m */,
			);
			path = Model;
			sourceTree = "<group>";
		};
/* End PBXGroup section */

/* Begin PBXNativeTarget section */
		DEAF09481BF987AC00C6954F /* NSXcode */ = {
			isa = PBXNativeTarget;
			buildConfigurationList = DEAF09761BF987AC00C6954F /* Build configuration list for PBXNativeTarget "NSXcode" */;
			buildPhases = (
				546508620E9C1EBFA4DB4C6E /* Check Pods Manifest.lock */,
				DEAF09451BF987AC00C6954F /* Sources */,
				DEAF09461BF987AC00C6954F /* Frameworks */,
				DEAF09471BF987AC00C6954F /* Resources */,
				CC6A73930EB4F07E1159B667 /* Embed Pods Frameworks */,
				7E6856F238D74273AA012029 /* Copy Pods Resources */,
			);
			buildRules = (
			);
			dependencies = (
			);
			name = NSXcode;
			productName = NSXcode;
			productReference = DEAF09491BF987AC00C6954F /* NSXcode.app */;
			productType = "com.apple.product-type.application";
		};
		DEAF09611BF987AC00C6954F /* NSXcodeTests */ = {
			isa = PBXNativeTarget;
			buildConfigurationList = DEAF09791BF987AC00C6954F /* Build configuration list for PBXNativeTarget "NSXcodeTests" */;
			buildPhases = (
				DEAF095E1BF987AC00C6954F /* Sources */,
				DEAF095F1BF987AC00C6954F /* Frameworks */,
				DEAF09601BF987AC00C6954F /* Resources */,
			);
			buildRules = (
			);
			dependencies = (
				DEAF09641BF987AC00C6954F /* PBXTargetDependency */,
			);
			name = NSXcodeTests;
			productName = NSXcodeTests;
			productReference = DEAF09621BF987AC00C6954F /* NSXcodeTests.xctest */;
			productType = "com.apple.product-type.bundle.unit-test";
		};
		DEAF096C1BF987AC00C6954F /* NSXcodeUITests */ = {
			isa = PBXNativeTarget;
			buildConfigurationList = DEAF097C1BF987AC00C6954F /* Build configuration list for PBXNativeTarget "NSXcodeUITests" */;
			buildPhases = (
				DEAF09691BF987AC00C6954F /* Sources */,
				DEAF096A1BF987AC00C6954F /* Frameworks */,
				DEAF096B1BF987AC00C6954F /* Resources */,
			);
			buildRules = (
			);
			dependencies = (
				DEAF096F1BF987AC00C6954F /* PBXTargetDependency */,
			);
			name = NSXcodeUITests;
			productName = NSXcodeUITests;
			productReference = DEAF096D1BF987AC00C6954F /* NSXcodeUITests.xctest */;
			productType = "com.apple.product-type.bundle.ui-testing";
		};
/* End PBXNativeTarget section */

/* Begin PBXProject section */
		DEAF09411BF987AC00C6954F /* Project object */ = {
			isa = PBXProject;
			attributes = {
				LastUpgradeCheck = 0710;
				ORGANIZATIONNAME = DexSinis;
				TargetAttributes = {
					DEAF09481BF987AC00C6954F = {
						CreatedOnToolsVersion = 7.1;
					};
					DEAF09611BF987AC00C6954F = {
						CreatedOnToolsVersion = 7.1;
						TestTargetID = DEAF09481BF987AC00C6954F;
					};
					DEAF096C1BF987AC00C6954F = {
						CreatedOnToolsVersion = 7.1;
						TestTargetID = DEAF09481BF987AC00C6954F;
					};
				};
			};
			buildConfigurationList = DEAF09441BF987AC00C6954F /* Build configuration list for PBXProject "NSXcode" */;
			compatibilityVersion = "Xcode 3.2";
			developmentRegion = English;
			hasScannedForEncodings = 0;
			knownRegions = (
				en,
				Base,
			);
			mainGroup = DEAF09401BF987AC00C6954F;
			productRefGroup = DEAF094A1BF987AC00C6954F /* Products */;
			projectDirPath = "";
			projectRoot = "";
			targets = (
				DEAF09481BF987AC00C6954F /* NSXcode */,
				DEAF09611BF987AC00C6954F /* NSXcodeTests */,
				DEAF096C1BF987AC00C6954F /* NSXcodeUITests */,
			);
		};
/* End PBXProject section */

/* Begin PBXResourcesBuildPhase section */
		DEAF09471BF987AC00C6954F /* Resources */ = {
			isa = PBXResourcesBuildPhase;
			buildActionMask = 2147483647;
			files = (
				DE9BBBD11BFCA26B0048D32A /* weibo_2.json in Resources */,
				DE9BBBC61BFCA26B0048D32A /* twitter_0.json in Resources */,
				DE9BBBCF1BFCA26B0048D32A /* weibo_0.json in Resources */,
				DE9BBBD51BFCA26B0048D32A /* weibo_6.json in Resources */,
				DE9BBBC71BFCA26B0048D32A /* twitter_1.json in Resources */,
				DEAF09AF1BF988A400C6954F /* NSXCell.xib in Resources */,
				DEAF09B71BF988A400C6954F /* NSXSettingController.storyboard in Resources */,
				DE34ED9F1BF9B451003CFC80 /* sdRefeshView_arrow@2x.png in Resources */,
				DE9BBBC91BFCA26B0048D32A /* twitter_3.json in Resources */,
				DE34EDA81BF9BE2A003CFC80 /* LaunchScreen.storyboard in Resources */,
				DEAF09591BF987AC00C6954F /* Assets.xcassets in Resources */,
				DE9BBBD31BFCA26B0048D32A /* weibo_4.json in Resources */,
				DE9BBBD21BFCA26B0048D32A /* weibo_3.json in Resources */,
				DE9BBBC81BFCA26B0048D32A /* twitter_2.json in Resources */,
				DE9BBBD01BFCA26B0048D32A /* weibo_1.json in Resources */,
				DE9BBBD41BFCA26B0048D32A /* weibo_5.json in Resources */,
				DE9BBBD61BFCA26B0048D32A /* weibo_7.json in Resources */,
				DEAF09571BF987AC00C6954F /* Main.storyboard in Resources */,
			);
			runOnlyForDeploymentPostprocessing = 0;
		};
		DEAF09601BF987AC00C6954F /* Resources */ = {
			isa = PBXResourcesBuildPhase;
			buildActionMask = 2147483647;
			files = (
			);
			runOnlyForDeploymentPostprocessing = 0;
		};
		DEAF096B1BF987AC00C6954F /* Resources */ = {
			isa = PBXResourcesBuildPhase;
			buildActionMask = 2147483647;
			files = (
			);
			runOnlyForDeploymentPostprocessing = 0;
		};
/* End PBXResourcesBuildPhase section */

/* Begin PBXShellScriptBuildPhase section */
		546508620E9C1EBFA4DB4C6E /* Check Pods Manifest.lock */ = {
			isa = PBXShellScriptBuildPhase;
			buildActionMask = 2147483647;
			files = (
			);
			inputPaths = (
			);
			name = "Check Pods Manifest.lock";
			outputPaths = (
			);
			runOnlyForDeploymentPostprocessing = 0;
			shellPath = /bin/sh;
			shellScript = "diff \"${PODS_ROOT}/../Podfile.lock\" \"${PODS_ROOT}/Manifest.lock\" > /dev/null\nif [[ $? != 0 ]] ; then\n    cat << EOM\nerror: The sandbox is not in sync with the Podfile.lock. Run 'pod install' or update your CocoaPods installation.\nEOM\n    exit 1\nfi\n";
			showEnvVarsInLog = 0;
		};
		7E6856F238D74273AA012029 /* Copy Pods Resources */ = {
			isa = PBXShellScriptBuildPhase;
			buildActionMask = 2147483647;
			files = (
			);
			inputPaths = (
			);
			name = "Copy Pods Resources";
			outputPaths = (
			);
			runOnlyForDeploymentPostprocessing = 0;
			shellPath = /bin/sh;
			shellScript = "\"${SRCROOT}/Pods/Target Support Files/Pods/Pods-resources.sh\"\n";
			showEnvVarsInLog = 0;
		};
		CC6A73930EB4F07E1159B667 /* Embed Pods Frameworks */ = {
			isa = PBXShellScriptBuildPhase;
			buildActionMask = 2147483647;
			files = (
			);
			inputPaths = (
			);
			name = "Embed Pods Frameworks";
			outputPaths = (
			);
			runOnlyForDeploymentPostprocessing = 0;
			shellPath = /bin/sh;
			shellScript = "\"${SRCROOT}/Pods/Target Support Files/Pods/Pods-frameworks.sh\"\n";
			showEnvVarsInLog = 0;
		};
/* End PBXShellScriptBuildPhase section */

/* Begin PBXSourcesBuildPhase section */
		DEAF09451BF987AC00C6954F /* Sources */ = {
			isa = PBXSourcesBuildPhase;
			buildActionMask = 2147483647;
			files = (
				DEAF09AE1BF988A400C6954F /* NSXCell.m in Sources */,
				DE9BBC131BFCA5280048D32A /* YYFPSLabel.m in Sources */,
				DE9BBBCA1BFCA26B0048D32A /* T1Helper.m in Sources */,
				DEAF09AC1BF988A400C6954F /* NSXHomeController.m in Sources */,
				DEAF09B61BF988A400C6954F /* NSXSettingController.m in Sources */,
				DE9BBC161BFCA5280048D32A /* YYTableView.m in Sources */,
				DEAF09B41BF988A400C6954F /* AppDelegate.m in Sources */,
				DE34EDA01BF9B451003CFC80 /* SDRefreshFooterView.m in Sources */,
				DE9BBC141BFCA5280048D32A /* YYPhotoGroupView.m in Sources */,
				DEAF09B21BF988A400C6954F /* NSXViewController.m in Sources */,
				DE9BBBDC1BFCA26B0048D32A /* WBStatusHelper.m in Sources */,
				DE9BBBDD1BFCA26B0048D32A /* WBStatusLayout.m in Sources */,
				DE9BBC171BFCA5280048D32A /* YYTableViewCell.m in Sources */,
				DE9BBC121BFCA5280048D32A /* YYControl.m in Sources */,
				DE34ED921BF9B3CF003CFC80 /* DemoVC3.m in Sources */,
				DE9BBBCB1BFCA26B0048D32A /* T1HomeTimelineItemsViewController.m in Sources */,
				DE34ED871BF9B370003CFC80 /* UIView+SDAutoLayout.m in Sources */,
				DE34EDB21BF9C8A0003CFC80 /* UIView+Visuals.m in Sources */,
				DEAF09BA1BF988A400C6954F /* NSXPushitem.m in Sources */,
				DEAF094E1BF987AC00C6954F /* main.m in Sources */,
				DEAF09B01BF988A400C6954F /* NSXNavigationController.m in Sources */,
				DE9BBBCE1BFCA26B0048D32A /* T1StatusLayout.m in Sources */,
				DEAF09B51BF988A400C6954F /* NSXSearchController.m in Sources */,
				DE34ED931BF9B3CF003CFC80 /* TestCell2.m in Sources */,
				DE9BBC151BFCA5280048D32A /* YYSimpleWebViewController.m in Sources */,
				DE34EDAF1BF9C6C3003CFC80 /* UIImage+Alpha.m in Sources */,
				DE9BBBD71BFCA26B0048D32A /* WBEmoticonInputView.m in Sources */,
				DEAF09B11BF988A400C6954F /* NSXTabBarController.m in Sources */,
				DE9BBBDB1BFCA26B0048D32A /* WBStatusComposeViewController.m in Sources */,
				DE34ED861BF9B370003CFC80 /* UITableView+SDAutoTableViewCellHeight.m in Sources */,
				DE34EDA21BF9B451003CFC80 /* SDRefreshView.m in Sources */,
				DE9BBBD81BFCA26B0048D32A /* WBModel.m in Sources */,
				DE34EDAC1BF9C618003CFC80 /* UIImage+RoundedCorner.m in Sources */,
				DE34EDA31BF9B451003CFC80 /* UIView+SDExtension.m in Sources */,
				DE9BBBCD1BFCA26B0048D32A /* T1StatusCell.m in Sources */,
				DE9BBBDA1BFCA26B0048D32A /* WBStatusComposeTextParser.m in Sources */,
				DE34EDA11BF9B451003CFC80 /* SDRefreshHeaderView.m in Sources */,
				DEAF09B81BF988A400C6954F /* NSXPushController.m in Sources */,
				DEAF09BB1BF988A400C6954F /* NSXSettingItem.m in Sources */,
				DE9BBBCC1BFCA26B0048D32A /* T1Model.m in Sources */,
				DE9BBBDE1BFCA26B0048D32A /* WBStatusTimelineViewController.m in Sources */,
				DE9BBBD91BFCA26B0048D32A /* WBStatusCell.m in Sources */,
				DEAF09B31BF988A400C6954F /* NSXMessageController.m in Sources */,
				DEAF09B91BF988A400C6954F /* NSXGroupItem.m in Sources */,
				DEAF09AD1BF988A400C6954F /* NSXMenu.m in Sources */,
			);
			runOnlyForDeploymentPostprocessing = 0;
		};
		DEAF095E1BF987AC00C6954F /* Sources */ = {
			isa = PBXSourcesBuildPhase;
			buildActionMask = 2147483647;
			files = (
				DEAF09671BF987AC00C6954F /* NSXcodeTests.m in Sources */,
			);
			runOnlyForDeploymentPostprocessing = 0;
		};
		DEAF09691BF987AC00C6954F /* Sources */ = {
			isa = PBXSourcesBuildPhase;
			buildActionMask = 2147483647;
			files = (
				DEAF09721BF987AC00C6954F /* NSXcodeUITests.m in Sources */,
			);
			runOnlyForDeploymentPostprocessing = 0;
		};
/* End PBXSourcesBuildPhase section */

/* Begin PBXTargetDependency section */
		DEAF09641BF987AC00C6954F /* PBXTargetDependency */ = {
			isa = PBXTargetDependency;
			target = DEAF09481BF987AC00C6954F /* NSXcode */;
			targetProxy = DEAF09631BF987AC00C6954F /* PBXContainerItemProxy */;
		};
		DEAF096F1BF987AC00C6954F /* PBXTargetDependency */ = {
			isa = PBXTargetDependency;
			target = DEAF09481BF987AC00C6954F /* NSXcode */;
			targetProxy = DEAF096E1BF987AC00C6954F /* PBXContainerItemProxy */;
		};
/* End PBXTargetDependency section */

/* Begin PBXVariantGroup section */
		DE34EDA61BF9BE2A003CFC80 /* LaunchScreen.storyboard */ = {
			isa = PBXVariantGroup;
			children = (
				DE34EDA71BF9BE2A003CFC80 /* Base */,
			);
			name = LaunchScreen.storyboard;
			sourceTree = "<group>";
		};
		DEAF09551BF987AC00C6954F /* Main.storyboard */ = {
			isa = PBXVariantGroup;
			children = (
				DEAF09561BF987AC00C6954F /* Base */,
			);
			name = Main.storyboard;
			sourceTree = "<group>";
		};
/* End PBXVariantGroup section */

/* Begin XCBuildConfiguration section */
		DEAF09741BF987AC00C6954F /* Debug */ = {
			isa = XCBuildConfiguration;
			buildSettings = {
				ALWAYS_SEARCH_USER_PATHS = NO;
				CLANG_CXX_LANGUAGE_STANDARD = "gnu++0x";
				CLANG_CXX_LIBRARY = "libc++";
				CLANG_ENABLE_MODULES = YES;
				CLANG_ENABLE_OBJC_ARC = YES;
				CLANG_WARN_BOOL_CONVERSION = YES;
				CLANG_WARN_CONSTANT_CONVERSION = YES;
				CLANG_WARN_DIRECT_OBJC_ISA_USAGE = YES_ERROR;
				CLANG_WARN_EMPTY_BODY = YES;
				CLANG_WARN_ENUM_CONVERSION = YES;
				CLANG_WARN_INT_CONVERSION = YES;
				CLANG_WARN_OBJC_ROOT_CLASS = YES_ERROR;
				CLANG_WARN_UNREACHABLE_CODE = YES;
				CLANG_WARN__DUPLICATE_METHOD_MATCH = YES;
				"CODE_SIGN_IDENTITY[sdk=iphoneos*]" = "iPhone Developer";
				COPY_PHASE_STRIP = NO;
				DEBUG_INFORMATION_FORMAT = dwarf;
				ENABLE_STRICT_OBJC_MSGSEND = YES;
				ENABLE_TESTABILITY = YES;
				GCC_C_LANGUAGE_STANDARD = gnu99;
				GCC_DYNAMIC_NO_PIC = NO;
				GCC_NO_COMMON_BLOCKS = YES;
				GCC_OPTIMIZATION_LEVEL = 0;
				GCC_PREPROCESSOR_DEFINITIONS = (
					"DEBUG=1",
					"$(inherited)",
				);
				GCC_WARN_64_TO_32_BIT_CONVERSION = YES;
				GCC_WARN_ABOUT_RETURN_TYPE = YES_ERROR;
				GCC_WARN_UNDECLARED_SELECTOR = YES;
				GCC_WARN_UNINITIALIZED_AUTOS = YES_AGGRESSIVE;
				GCC_WARN_UNUSED_FUNCTION = YES;
				GCC_WARN_UNUSED_VARIABLE = YES;
				IPHONEOS_DEPLOYMENT_TARGET = 9.1;
				MTL_ENABLE_DEBUG_INFO = YES;
				ONLY_ACTIVE_ARCH = YES;
				SDKROOT = iphoneos;
			};
			name = Debug;
		};
		DEAF09751BF987AC00C6954F /* Release */ = {
			isa = XCBuildConfiguration;
			buildSettings = {
				ALWAYS_SEARCH_USER_PATHS = NO;
				CLANG_CXX_LANGUAGE_STANDARD = "gnu++0x";
				CLANG_CXX_LIBRARY = "libc++";
				CLANG_ENABLE_MODULES = YES;
				CLANG_ENABLE_OBJC_ARC = YES;
				CLANG_WARN_BOOL_CONVERSION = YES;
				CLANG_WARN_CONSTANT_CONVERSION = YES;
				CLANG_WARN_DIRECT_OBJC_ISA_USAGE = YES_ERROR;
				CLANG_WARN_EMPTY_BODY = YES;
				CLANG_WARN_ENUM_CONVERSION = YES;
				CLANG_WARN_INT_CONVERSION = YES;
				CLANG_WARN_OBJC_ROOT_CLASS = YES_ERROR;
				CLANG_WARN_UNREACHABLE_CODE = YES;
				CLANG_WARN__DUPLICATE_METHOD_MATCH = YES;
				"CODE_SIGN_IDENTITY[sdk=iphoneos*]" = "iPhone Developer";
				COPY_PHASE_STRIP = NO;
				DEBUG_INFORMATION_FORMAT = "dwarf-with-dsym";
				ENABLE_NS_ASSERTIONS = NO;
				ENABLE_STRICT_OBJC_MSGSEND = YES;
				GCC_C_LANGUAGE_STANDARD = gnu99;
				GCC_NO_COMMON_BLOCKS = YES;
				GCC_WARN_64_TO_32_BIT_CONVERSION = YES;
				GCC_WARN_ABOUT_RETURN_TYPE = YES_ERROR;
				GCC_WARN_UNDECLARED_SELECTOR = YES;
				GCC_WARN_UNINITIALIZED_AUTOS = YES_AGGRESSIVE;
				GCC_WARN_UNUSED_FUNCTION = YES;
				GCC_WARN_UNUSED_VARIABLE = YES;
				IPHONEOS_DEPLOYMENT_TARGET = 9.1;
				MTL_ENABLE_DEBUG_INFO = NO;
				SDKROOT = iphoneos;
				VALIDATE_PRODUCT = YES;
			};
			name = Release;
		};
		DEAF09771BF987AC00C6954F /* Debug */ = {
			isa = XCBuildConfiguration;
			baseConfigurationReference = 3D87DEF8C8F57F4AB2781672 /* Pods.debug.xcconfig */;
			buildSettings = {
				ASSETCATALOG_COMPILER_APPICON_NAME = AppIcon;
				ASSETCATALOG_COMPILER_LAUNCHIMAGE_NAME = LaunchImage;
				INFOPLIST_FILE = NSXcode/Info.plist;
				IPHONEOS_DEPLOYMENT_TARGET = 9.0;
				LD_RUNPATH_SEARCH_PATHS = "$(inherited) @executable_path/Frameworks";
				PRODUCT_BUNDLE_IDENTIFIER = com.dexsinis.nsxcode.NSXcode;
				PRODUCT_NAME = "$(TARGET_NAME)";
			};
			name = Debug;
		};
		DEAF09781BF987AC00C6954F /* Release */ = {
			isa = XCBuildConfiguration;
			baseConfigurationReference = E5CBF173F21CD2FEC0E93851 /* Pods.release.xcconfig */;
			buildSettings = {
				ASSETCATALOG_COMPILER_APPICON_NAME = AppIcon;
				ASSETCATALOG_COMPILER_LAUNCHIMAGE_NAME = LaunchImage;
				INFOPLIST_FILE = NSXcode/Info.plist;
				IPHONEOS_DEPLOYMENT_TARGET = 9.0;
				LD_RUNPATH_SEARCH_PATHS = "$(inherited) @executable_path/Frameworks";
				PRODUCT_BUNDLE_IDENTIFIER = com.dexsinis.nsxcode.NSXcode;
				PRODUCT_NAME = "$(TARGET_NAME)";
			};
			name = Release;
		};
		DEAF097A1BF987AC00C6954F /* Debug */ = {
			isa = XCBuildConfiguration;
			buildSettings = {
				BUNDLE_LOADER = "$(TEST_HOST)";
				INFOPLIST_FILE = NSXcodeTests/Info.plist;
				LD_RUNPATH_SEARCH_PATHS = "$(inherited) @executable_path/Frameworks @loader_path/Frameworks";
				PRODUCT_BUNDLE_IDENTIFIER = com.dexsinis.nsxcode.NSXcodeTests;
				PRODUCT_NAME = "$(TARGET_NAME)";
				TEST_HOST = "$(BUILT_PRODUCTS_DIR)/NSXcode.app/NSXcode";
			};
			name = Debug;
		};
		DEAF097B1BF987AC00C6954F /* Release */ = {
			isa = XCBuildConfiguration;
			buildSettings = {
				BUNDLE_LOADER = "$(TEST_HOST)";
				INFOPLIST_FILE = NSXcodeTests/Info.plist;
				LD_RUNPATH_SEARCH_PATHS = "$(inherited) @executable_path/Frameworks @loader_path/Frameworks";
				PRODUCT_BUNDLE_IDENTIFIER = com.dexsinis.nsxcode.NSXcodeTests;
				PRODUCT_NAME = "$(TARGET_NAME)";
				TEST_HOST = "$(BUILT_PRODUCTS_DIR)/NSXcode.app/NSXcode";
			};
			name = Release;
		};
		DEAF097D1BF987AC00C6954F /* Debug */ = {
			isa = XCBuildConfiguration;
			buildSettings = {
				INFOPLIST_FILE = NSXcodeUITests/Info.plist;
				LD_RUNPATH_SEARCH_PATHS = "$(inherited) @executable_path/Frameworks @loader_path/Frameworks";
				PRODUCT_BUNDLE_IDENTIFIER = com.dexsinis.nsxcode.NSXcodeUITests;
				PRODUCT_NAME = "$(TARGET_NAME)";
				TEST_TARGET_NAME = NSXcode;
				USES_XCTRUNNER = YES;
			};
			name = Debug;
		};
		DEAF097E1BF987AC00C6954F /* Release */ = {
			isa = XCBuildConfiguration;
			buildSettings = {
				INFOPLIST_FILE = NSXcodeUITests/Info.plist;
				LD_RUNPATH_SEARCH_PATHS = "$(inherited) @executable_path/Frameworks @loader_path/Frameworks";
				PRODUCT_BUNDLE_IDENTIFIER = com.dexsinis.nsxcode.NSXcodeUITests;
				PRODUCT_NAME = "$(TARGET_NAME)";
				TEST_TARGET_NAME = NSXcode;
				USES_XCTRUNNER = YES;
			};
			name = Release;
		};
/* End XCBuildConfiguration section */

/* Begin XCConfigurationList section */
		DEAF09441BF987AC00C6954F /* Build configuration list for PBXProject "NSXcode" */ = {
			isa = XCConfigurationList;
			buildConfigurations = (
				DEAF09741BF987AC00C6954F /* Debug */,
				DEAF09751BF987AC00C6954F /* Release */,
			);
			defaultConfigurationIsVisible = 0;
			defaultConfigurationName = Release;
		};
		DEAF09761BF987AC00C6954F /* Build configuration list for PBXNativeTarget "NSXcode" */ = {
			isa = XCConfigurationList;
			buildConfigurations = (
				DEAF09771BF987AC00C6954F /* Debug */,
				DEAF09781BF987AC00C6954F /* Release */,
			);
			defaultConfigurationIsVisible = 0;
			defaultConfigurationName = Release;
		};
		DEAF09791BF987AC00C6954F /* Build configuration list for PBXNativeTarget "NSXcodeTests" */ = {
			isa = XCConfigurationList;
			buildConfigurations = (
				DEAF097A1BF987AC00C6954F /* Debug */,
				DEAF097B1BF987AC00C6954F /* Release */,
			);
			defaultConfigurationIsVisible = 0;
			defaultConfigurationName = Release;
		};
		DEAF097C1BF987AC00C6954F /* Build configuration list for PBXNativeTarget "NSXcodeUITests" */ = {
			isa = XCConfigurationList;
			buildConfigurations = (
				DEAF097D1BF987AC00C6954F /* Debug */,
				DEAF097E1BF987AC00C6954F /* Release */,
			);
			defaultConfigurationIsVisible = 0;
			defaultConfigurationName = Release;
		};
/* End XCConfigurationList section */
	};
	rootObject = DEAF09411BF987AC00C6954F /* Project object */;
}
